
Microsoft Visual Studio Solution File, Format Version 12.00
# Visual Studio 15
VisualStudioVersion = 15.0.27428.2015
MinimumVisualStudioVersion = 10.0.40219.1
Project("{FAE04EC0-301F-11D3-BF4B-00C04F79EFBC}") = "AcmeLoans.Common", "AcmeLoans.Common\AcmeLoans.Common.csproj", "{F5B89B42-F4AB-4D46-8CA4-1EB8ABE06AFE}"
EndProject
Project("{FAE04EC0-301F-11D3-BF4B-00C04F79EFBC}") = "AcmeLoans.DataAccess", "AcmeLoans.DataAccess\AcmeLoans.DataAccess.csproj", "{ACEAAD1E-516A-4F9C-A3D7-A7DB951B59F8}"
EndProject
Project("{FAE04EC0-301F-11D3-BF4B-00C04F79EFBC}") = "AcmeLoans.DataAccessUnitTest", "AcmeLoans.DataAccessUnitTest\AcmeLoans.DataAccessUnitTest.csproj", "{7891FB6B-2783-493E-B54A-09D777DD931D}"
EndProject
Project("{FAE04EC0-301F-11D3-BF4B-00C04F79EFBC}") = "DataAccessHarness", "DataAccessHarness\DataAccessHarness.csproj", "{6C409D23-A280-4BDB-BFE1-E21C6305079C}"
EndProject
Project("{FAE04EC0-301F-11D3-BF4B-00C04F79EFBC}") = "LoanApplicationOriginations", "LoanApplicationOriginations\LoanApplicationOriginations.csproj", "{EA734DCE-DEDB-4EAA-8304-7BB3A16EF314}"
EndProject
Project("{FAE04EC0-301F-11D3-BF4B-00C04F79EFBC}") = "WindowsFormsHarness", "WindowsFormsHarness\WindowsFormsHarness.csproj", "{24307E88-7248-4487-94AE-FC2A93FE4400}"
EndProject
Project("{FAE04EC0-301F-11D3-BF4B-00C04F79EFBC}") = "WebApplicants", "WebApplicants\WebApplicants.csproj", "{79E42B2C-1D36-408B-979F-5FE319FFA8C0}"
EndProject
Project("{FAE04EC0-301F-11D3-BF4B-00C04F79EFBC}") = "AcmeLoans.EFDataAccess", "AcmeLoans.EFDataAccess\AcmeLoans.EFDataAccess.csproj", "{3FBA292B-F814-4BD7-9E3C-3DC16DFAE93F}"
EndProject
Project("{FAE04EC0-301F-11D3-BF4B-00C04F79EFBC}") = "EfClient", "EfClient\EfClient.csproj", "{5CD76B94-DE29-4FCC-AFA9-7B785333AEF8}"
EndProject
Project("{FAE04EC0-301F-11D3-BF4B-00C04F79EFBC}") = "AcmeLoans.API", "AcmeLoans.API\AcmeLoans.API.csproj", "{FF637AD2-A1ED-4918-BCB8-257E37FEAA9D}"
EndProject
Global
	GlobalSection(SolutionConfigurationPlatforms) = preSolution
		Debug|Any CPU = Debug|Any CPU
		Release|Any CPU = Release|Any CPU
	EndGlobalSection
	GlobalSection(ProjectConfigurationPlatforms) = postSolution
		{F5B89B42-F4AB-4D46-8CA4-1EB8ABE06AFE}.Debug|Any CPU.ActiveCfg = Debug|Any CPU
		{F5B89B42-F4AB-4D46-8CA4-1EB8ABE06AFE}.Debug|Any CPU.Build.0 = Debug|Any CPU
		{F5B89B42-F4AB-4D46-8CA4-1EB8ABE06AFE}.Release|Any CPU.ActiveCfg = Release|Any CPU
		{F5B89B42-F4AB-4D46-8CA4-1EB8ABE06AFE}.Release|Any CPU.Build.0 = Release|Any CPU
		{ACEAAD1E-516A-4F9C-A3D7-A7DB951B59F8}.Debug|Any CPU.ActiveCfg = Debug|Any CPU
		{ACEAAD1E-516A-4F9C-A3D7-A7DB951B59F8}.Debug|Any CPU.Build.0 = Debug|Any CPU
		{ACEAAD1E-516A-4F9C-A3D7-A7DB951B59F8}.Release|Any CPU.ActiveCfg = Release|Any CPU
		{ACEAAD1E-516A-4F9C-A3D7-A7DB951B59F8}.Release|Any CPU.Build.0 = Release|Any CPU
		{7891FB6B-2783-493E-B54A-09D777DD931D}.Debug|Any CPU.ActiveCfg = Debug|Any CPU
		{7891FB6B-2783-493E-B54A-09D777DD931D}.Debug|Any CPU.Build.0 = Debug|Any CPU
		{7891FB6B-2783-493E-B54A-09D777DD931D}.Release|Any CPU.ActiveCfg = Release|Any CPU
		{7891FB6B-2783-493E-B54A-09D777DD931D}.Release|Any CPU.Build.0 = Release|Any CPU
		{6C409D23-A280-4BDB-BFE1-E21C6305079C}.Debug|Any CPU.ActiveCfg = Debug|Any CPU
		{6C409D23-A280-4BDB-BFE1-E21C6305079C}.Debug|Any CPU.Build.0 = Debug|Any CPU
		{6C409D23-A280-4BDB-BFE1-E21C6305079C}.Release|Any CPU.ActiveCfg = Release|Any CPU
		{6C409D23-A280-4BDB-BFE1-E21C6305079C}.Release|Any CPU.Build.0 = Release|Any CPU
		{EA734DCE-DEDB-4EAA-8304-7BB3A16EF314}.Debug|Any CPU.ActiveCfg = Debug|Any CPU
		{EA734DCE-DEDB-4EAA-8304-7BB3A16EF314}.Debug|Any CPU.Build.0 = Debug|Any CPU
		{EA734DCE-DEDB-4EAA-8304-7BB3A16EF314}.Release|Any CPU.ActiveCfg = Release|Any CPU
		{EA734DCE-DEDB-4EAA-8304-7BB3A16EF314}.Release|Any CPU.Build.0 = Release|Any CPU
		{24307E88-7248-4487-94AE-FC2A93FE4400}.Debug|Any CPU.ActiveCfg = Debug|Any CPU
		{24307E88-7248-4487-94AE-FC2A93FE4400}.Debug|Any CPU.Build.0 = Debug|Any CPU
		{24307E88-7248-4487-94AE-FC2A93FE4400}.Release|Any CPU.ActiveCfg = Release|Any CPU
		{24307E88-7248-4487-94AE-FC2A93FE4400}.Release|Any CPU.Build.0 = Release|Any CPU
		{79E42B2C-1D36-408B-979F-5FE319FFA8C0}.Debug|Any CPU.ActiveCfg = Debug|Any CPU
		{79E42B2C-1D36-408B-979F-5FE319FFA8C0}.Debug|Any CPU.Build.0 = Debug|Any CPU
		{79E42B2C-1D36-408B-979F-5FE319FFA8C0}.Release|Any CPU.ActiveCfg = Release|Any CPU
		{79E42B2C-1D36-408B-979F-5FE319FFA8C0}.Release|Any CPU.Build.0 = Release|Any CPU
		{3FBA292B-F814-4BD7-9E3C-3DC16DFAE93F}.Debug|Any CPU.ActiveCfg = Debug|Any CPU
		{3FBA292B-F814-4BD7-9E3C-3DC16DFAE93F}.Debug|Any CPU.Build.0 = Debug|Any CPU
		{3FBA292B-F814-4BD7-9E3C-3DC16DFAE93F}.Release|Any CPU.ActiveCfg = Release|Any CPU
		{3FBA292B-F814-4BD7-9E3C-3DC16DFAE93F}.Release|Any CPU.Build.0 = Release|Any CPU
		{5CD76B94-DE29-4FCC-AFA9-7B785333AEF8}.Debug|Any CPU.ActiveCfg = Debug|Any CPU
		{5CD76B94-DE29-4FCC-AFA9-7B785333AEF8}.Debug|Any CPU.Build.0 = Debug|Any CPU
		{5CD76B94-DE29-4FCC-AFA9-7B785333AEF8}.Release|Any CPU.ActiveCfg = Release|Any CPU
		{5CD76B94-DE29-4FCC-AFA9-7B785333AEF8}.Release|Any CPU.Build.0 = Release|Any CPU
		{FF637AD2-A1ED-4918-BCB8-257E37FEAA9D}.Debug|Any CPU.ActiveCfg = Debug|Any CPU
		{FF637AD2-A1ED-4918-BCB8-257E37FEAA9D}.Debug|Any CPU.Build.0 = Debug|Any CPU
		{FF637AD2-A1ED-4918-BCB8-257E37FEAA9D}.Release|Any CPU.ActiveCfg = Release|Any CPU
		{FF637AD2-A1ED-4918-BCB8-257E37FEAA9D}.Release|Any CPU.Build.0 = Release|Any CPU
	EndGlobalSection
	GlobalSection(SolutionProperties) = preSolution
		HideSolutionNode = FALSE
	EndGlobalSection
	GlobalSection(ExtensibilityGlobals) = postSolution
		SolutionGuid = {330E2336-A211-4535-AA35-1F13128888D4}
	EndGlobalSection
EndGlobal
